
Microsoft Visual Studio Solution File, Format Version 12.00
# Visual Studio Version 17
VisualStudioVersion = 17.0.31903.59
MinimumVisualStudioVersion = 10.0.40219.1
Project("{FAE04EC0-301F-11D3-BF4B-00C04F79EFBC}") = "SmoothOperator", "SmoothOperator\SmoothOperator.csproj", "{31FF9B64-CB9D-4F1A-B087-21968321A441}"
EndProject
Project("{FAE04EC0-301F-11D3-BF4B-00C04F79EFBC}") = "VariousOperators", "VariousOperators\VariousOperators.csproj", "{A65B82A1-A20E-40EE-B465-E9902253A058}"
EndProject
Project("{FAE04EC0-301F-11D3-BF4B-00C04F79EFBC}") = "Cilindro", "Cilindro\Cilindro.csproj", "{2440711C-26E0-41AA-8C65-A8889CD4E953}"
EndProject
Project("{FAE04EC0-301F-11D3-BF4B-00C04F79EFBC}") = "ValoresEspeciais", "ValoresEspeciais\ValoresEspeciais.csproj", "{9B57D4E6-4016-4A4E-9053-556C4B99B06B}"
EndProject
Project("{FAE04EC0-301F-11D3-BF4B-00C04F79EFBC}") = "IfExample", "IfExample\IfExample.csproj", "{2B8B559B-D01D-4040-B13C-5807C73F6BA8}"
EndProject
Project("{FAE04EC0-301F-11D3-BF4B-00C04F79EFBC}") = "ChatGPTZero", "ChatGPTZero\ChatGPTZero.csproj", "{5264E877-E797-440B-8882-EF268EC8D9EF}"
EndProject
Project("{FAE04EC0-301F-11D3-BF4B-00C04F79EFBC}") = "BreakContinue", "BreakContinue\BreakContinue.csproj", "{2FB26179-2166-4458-8FA0-0BE071DAB5B0}"
EndProject
Global
	GlobalSection(SolutionConfigurationPlatforms) = preSolution
		Debug|Any CPU = Debug|Any CPU
		Release|Any CPU = Release|Any CPU
	EndGlobalSection
	GlobalSection(SolutionProperties) = preSolution
		HideSolutionNode = FALSE
	EndGlobalSection
	GlobalSection(ProjectConfigurationPlatforms) = postSolution
		{31FF9B64-CB9D-4F1A-B087-21968321A441}.Debug|Any CPU.ActiveCfg = Debug|Any CPU
		{31FF9B64-CB9D-4F1A-B087-21968321A441}.Debug|Any CPU.Build.0 = Debug|Any CPU
		{31FF9B64-CB9D-4F1A-B087-21968321A441}.Release|Any CPU.ActiveCfg = Release|Any CPU
		{31FF9B64-CB9D-4F1A-B087-21968321A441}.Release|Any CPU.Build.0 = Release|Any CPU
		{A65B82A1-A20E-40EE-B465-E9902253A058}.Debug|Any CPU.ActiveCfg = Debug|Any CPU
		{A65B82A1-A20E-40EE-B465-E9902253A058}.Debug|Any CPU.Build.0 = Debug|Any CPU
		{A65B82A1-A20E-40EE-B465-E9902253A058}.Release|Any CPU.ActiveCfg = Release|Any CPU
		{A65B82A1-A20E-40EE-B465-E9902253A058}.Release|Any CPU.Build.0 = Release|Any CPU
		{2440711C-26E0-41AA-8C65-A8889CD4E953}.Debug|Any CPU.ActiveCfg = Debug|Any CPU
		{2440711C-26E0-41AA-8C65-A8889CD4E953}.Debug|Any CPU.Build.0 = Debug|Any CPU
		{2440711C-26E0-41AA-8C65-A8889CD4E953}.Release|Any CPU.ActiveCfg = Release|Any CPU
		{2440711C-26E0-41AA-8C65-A8889CD4E953}.Release|Any CPU.Build.0 = Release|Any CPU
		{9B57D4E6-4016-4A4E-9053-556C4B99B06B}.Debug|Any CPU.ActiveCfg = Debug|Any CPU
		{9B57D4E6-4016-4A4E-9053-556C4B99B06B}.Debug|Any CPU.Build.0 = Debug|Any CPU
		{9B57D4E6-4016-4A4E-9053-556C4B99B06B}.Release|Any CPU.ActiveCfg = Release|Any CPU
		{9B57D4E6-4016-4A4E-9053-556C4B99B06B}.Release|Any CPU.Build.0 = Release|Any CPU
		{2B8B559B-D01D-4040-B13C-5807C73F6BA8}.Debug|Any CPU.ActiveCfg = Debug|Any CPU
		{2B8B559B-D01D-4040-B13C-5807C73F6BA8}.Debug|Any CPU.Build.0 = Debug|Any CPU
		{2B8B559B-D01D-4040-B13C-5807C73F6BA8}.Release|Any CPU.ActiveCfg = Release|Any CPU
		{2B8B559B-D01D-4040-B13C-5807C73F6BA8}.Release|Any CPU.Build.0 = Release|Any CPU
		{5264E877-E797-440B-8882-EF268EC8D9EF}.Debug|Any CPU.ActiveCfg = Debug|Any CPU
		{5264E877-E797-440B-8882-EF268EC8D9EF}.Debug|Any CPU.Build.0 = Debug|Any CPU
		{5264E877-E797-440B-8882-EF268EC8D9EF}.Release|Any CPU.ActiveCfg = Release|Any CPU
		{5264E877-E797-440B-8882-EF268EC8D9EF}.Release|Any CPU.Build.0 = Release|Any CPU
		{2FB26179-2166-4458-8FA0-0BE071DAB5B0}.Debug|Any CPU.ActiveCfg = Debug|Any CPU
		{2FB26179-2166-4458-8FA0-0BE071DAB5B0}.Debug|Any CPU.Build.0 = Debug|Any CPU
		{2FB26179-2166-4458-8FA0-0BE071DAB5B0}.Release|Any CPU.ActiveCfg = Release|Any CPU
		{2FB26179-2166-4458-8FA0-0BE071DAB5B0}.Release|Any CPU.Build.0 = Release|Any CPU
	EndGlobalSection
EndGlobal
